{
  "name": "tracker-api",
  "version": "1.0.2",
  "lockfileVersion": 3,
  "requires": true,
  "author": "Nhat Luong",
  "description": "",
  "keywords": [
    "tracking",
    "website",
    "luongxuannhat"
  ],
  "license": "ISC",
  "main": "index.js",
  "type": "module",
  "packages": {
    "": {
      "name": "trackbehavioruser",
      "version": "1.0.2",
      "license": "ISC"
    }
  },
  "scripts": {
    "test": "echo \"Error: no test specified\" && exit 1"
  }
}
